
Microsoft Visual Studio Solution File, Format Version 12.00
# Visual Studio 2017
Project("{FAE04EC0-301F-11D3-BF4B-00C04F79EFBC}") = "xrtd", "xrtd.csproj", "{0EE13B85-52A7-16A9-B1A7-E265AC6F684D}"
EndProject
Project("{FAE04EC0-301F-11D3-BF4B-00C04F79EFBC}") = "xrtd.Editor", "xrtd.Editor.csproj", "{54E6D9F4-5E1E-820F-D364-945C86510107}"
EndProject
Global
	GlobalSection(SolutionConfigurationPlatforms) = preSolution
		Debug|Any CPU = Debug|Any CPU
		Release|Any CPU = Release|Any CPU
	EndGlobalSection
	GlobalSection(ProjectConfigurationPlatforms) = postSolution
		{0EE13B85-52A7-16A9-B1A7-E265AC6F684D}.Debug|Any CPU.ActiveCfg = Debug|Any CPU
		{0EE13B85-52A7-16A9-B1A7-E265AC6F684D}.Debug|Any CPU.Build.0 = Debug|Any CPU
		{0EE13B85-52A7-16A9-B1A7-E265AC6F684D}.Release|Any CPU.ActiveCfg = Release|Any CPU
		{0EE13B85-52A7-16A9-B1A7-E265AC6F684D}.Release|Any CPU.Build.0 = Release|Any CPU
		{54E6D9F4-5E1E-820F-D364-945C86510107}.Debug|Any CPU.ActiveCfg = Debug|Any CPU
		{54E6D9F4-5E1E-820F-D364-945C86510107}.Debug|Any CPU.Build.0 = Debug|Any CPU
		{54E6D9F4-5E1E-820F-D364-945C86510107}.Release|Any CPU.ActiveCfg = Release|Any CPU
		{54E6D9F4-5E1E-820F-D364-945C86510107}.Release|Any CPU.Build.0 = Release|Any CPU
	EndGlobalSection
	GlobalSection(SolutionProperties) = preSolution
		HideSolutionNode = FALSE
	EndGlobalSection
EndGlobal
